generated_at: "2026-08-02"
mypcbench:
  commit: caf9c754ffe0b41c7e629e17fff19299774af1cb
  image_dataset: ljang0/mypcbench-qemu-baseline
  image_dataset_revision: aca6ec996c60f3567b6701028eb7d177297f405f
  published_compressed_sha256: 61729f831588720b56a8ed46548fac003205cc53e414cec573ce269d1a52cef3
  local_uncompressed_sha256: 29e6ef0230655501920ad7b08c38e16c0d39e94c5be8220de2cf723885759e90
formal_collection_authorized: true

collection_policy:
  full_task_launch_requires_explicit_flag: true
  full_task_launch_requires_lock_authorization: true
  runner_owns_max_steps: true
  official_agent_guard_offset: 1
runtimes:
  vllm_0_19_0:
    image: vllm/vllm-openai
    amd64_digest: sha256:7a0f0fdd2771464b6976625c2b2d5dd46f566aa00fbc53eceab86ef50883da90
    python: 3.12.13
    torch: 2.10.0+cu129
    transformers: 4.57.6
  vllm_0_12_0:
    image: vllm/vllm-openai
    amd64_digest: sha256:f2309d913a07da49ea20b2a694703f4cfcb5ad8e7437ec0f26145479ac01e002
    python: 3.12.12
    torch: 2.9.0+cu129
    transformers: 4.57.3
  vllm_0_11_0:
    image: vllm/vllm-openai
    amd64_digest: sha256:d8d39b59e909d2378ac4feeb191f7e7b6f1342477dc66b7c47cec89e9985ad8a
    python: 3.12.11
    torch: 2.8.0+cu128
    transformers: 4.57.0
  evocua_vllm_0_11_0:
    image: recovery/evocua-vllm:0.11.0-transformers4.57.3
    base_amd64_digest: sha256:d8d39b59e909d2378ac4feeb191f7e7b6f1342477dc66b7c47cec89e9985ad8a
    dockerfile_sha256: df0ed5a2a2ffc5dee81770f76f76d18710e9194365f4e08ad01051c923a6cc4e
    python: 3.12.11
    torch: 2.8.0+cu128
    transformers: 4.57.3
    vllm: 0.11.0
models:
  qwen3_5_35b_a3b:
    checkpoint: Qwen/Qwen3.5-35B-A3B
    revision: 59d61f3ce65a6d9863b86d2e96597125219dc754
    runtime: vllm_0_19_0
    precision: bf16
    probe_overrides:
      max_tokens: 4096
      history_n: 100
      context_policy: tokenize_oldest_first_v1
      tokenizer_image_policy: same_dimensions_distinct_hash_v1
      formal_collection_requires_confirmation: true
    probe_serving_overrides:
      enforce_eager: false
      disable_custom_all_reduce: true
      max_model_len: 49152
      max_model_len_measured: false
      formal_collection_requires_confirmation: true
  evocua_32b:
    checkpoint: meituan/EvoCUA-32B-20260105
    revision: ce0553438b5f329959b4e740791b580402bbc73e
    runtime: evocua_vllm_0_11_0
    precision: bf16
    probe_serving_overrides:
      max_model_len: 49152
      gpu_memory_utilization: 0.95
      max_num_seqs: 1
      disable_custom_all_reduce: true
      formal_collection_requires_confirmation: true
  opencua_72b:
    checkpoint: xlangai/OpenCUA-72B
    revision: 3cc4af5337a1d0010f934284df3c482797266547
    runtime: vllm_0_12_0
    precision: bf16
